
Microsoft Visual Studio Solution File, Format Version 12.00
# Visual Studio Version 16
VisualStudioVersion = 16.0.31729.503
MinimumVisualStudioVersion = 10.0.40219.1
Project("{FAE04EC0-301F-11D3-BF4B-00C04F79EFBC}") = "LRTapp", "testApp\LRTapp.csproj", "{B8514171-3656-4236-B2E5-8C0E91407834}"
EndProject
Global
	GlobalSection(SolutionConfigurationPlatforms) = preSolution
		Debug|Any CPU = Debug|Any CPU
		Release|Any CPU = Release|Any CPU
	EndGlobalSection
	GlobalSection(ProjectConfigurationPlatforms) = postSolution
		{B8514171-3656-4236-B2E5-8C0E91407834}.Debug|Any CPU.ActiveCfg = Debug|Any CPU
		{B8514171-3656-4236-B2E5-8C0E91407834}.Debug|Any CPU.Build.0 = Debug|Any CPU
		{B8514171-3656-4236-B2E5-8C0E91407834}.Release|Any CPU.ActiveCfg = Release|Any CPU
		{B8514171-3656-4236-B2E5-8C0E91407834}.Release|Any CPU.Build.0 = Release|Any CPU
	EndGlobalSection
	GlobalSection(SolutionProperties) = preSolution
		HideSolutionNode = FALSE
	EndGlobalSection
	GlobalSection(ExtensibilityGlobals) = postSolution
		SolutionGuid = {18940558-E8B4-4F1B-83F8-89EE379557B8}
	EndGlobalSection
EndGlobal
